
Microsoft Visual Studio Solution File, Format Version 12.00
# Visual Studio Version 17
VisualStudioVersion = 17.0.32014.148
MinimumVisualStudioVersion = 10.0.40219.1
Project("{FAE04EC0-301F-11D3-BF4B-00C04F79EFBC}") = "Animals", "Animals\Animals.csproj", "{1B2C3B0C-F12D-455E-9D11-29A184A80A1B}"
EndProject
Global
	GlobalSection(SolutionConfigurationPlatforms) = preSolution
		Debug|Any CPU = Debug|Any CPU
		Release|Any CPU = Release|Any CPU
	EndGlobalSection
	GlobalSection(ProjectConfigurationPlatforms) = postSolution
		{1B2C3B0C-F12D-455E-9D11-29A184A80A1B}.Debug|Any CPU.ActiveCfg = Debug|Any CPU
		{1B2C3B0C-F12D-455E-9D11-29A184A80A1B}.Debug|Any CPU.Build.0 = Debug|Any CPU
		{1B2C3B0C-F12D-455E-9D11-29A184A80A1B}.Release|Any CPU.ActiveCfg = Release|Any CPU
		{1B2C3B0C-F12D-455E-9D11-29A184A80A1B}.Release|Any CPU.Build.0 = Release|Any CPU
	EndGlobalSection
	GlobalSection(SolutionProperties) = preSolution
		HideSolutionNode = FALSE
	EndGlobalSection
	GlobalSection(ExtensibilityGlobals) = postSolution
		SolutionGuid = {13433865-DDCA-435D-ADA2-48F814B427C7}
	EndGlobalSection
EndGlobal
